
Microsoft Visual Studio Solution File, Format Version 12.00
Project("{FAE04EC0-301F-11D3-BF4B-00C04F79EFBC}") = "MuulfzRP.Shared", "MuulfzRP.Shared\MuulfzRP.Shared.csproj", "{78B5E902-31FE-4ED9-ACA9-3DB3F62A4A08}"
EndProject
Project("{FAE04EC0-301F-11D3-BF4B-00C04F79EFBC}") = "MuulfzRP.Client", "MuulfzRP.Client\MuulfzRP.Client.csproj", "{98B2048C-FAD7-46FF-81F0-78A62015907C}"
EndProject
Project("{FAE04EC0-301F-11D3-BF4B-00C04F79EFBC}") = "MuulfzRP.Server", "MuulfzRP.Server\MuulfzRP.Server.csproj", "{45ED2D5F-09FF-4698-AD05-8F19D0F6FEAC}"
EndProject
Global
	GlobalSection(SolutionConfigurationPlatforms) = preSolution
		Debug|Any CPU = Debug|Any CPU
		Release|Any CPU = Release|Any CPU
	EndGlobalSection
	GlobalSection(ProjectConfigurationPlatforms) = postSolution
		{78B5E902-31FE-4ED9-ACA9-3DB3F62A4A08}.Debug|Any CPU.ActiveCfg = Debug|Any CPU
		{78B5E902-31FE-4ED9-ACA9-3DB3F62A4A08}.Debug|Any CPU.Build.0 = Debug|Any CPU
		{78B5E902-31FE-4ED9-ACA9-3DB3F62A4A08}.Release|Any CPU.ActiveCfg = Release|Any CPU
		{78B5E902-31FE-4ED9-ACA9-3DB3F62A4A08}.Release|Any CPU.Build.0 = Release|Any CPU
		{98B2048C-FAD7-46FF-81F0-78A62015907C}.Debug|Any CPU.ActiveCfg = Debug|Any CPU
		{98B2048C-FAD7-46FF-81F0-78A62015907C}.Debug|Any CPU.Build.0 = Debug|Any CPU
		{98B2048C-FAD7-46FF-81F0-78A62015907C}.Release|Any CPU.ActiveCfg = Release|Any CPU
		{98B2048C-FAD7-46FF-81F0-78A62015907C}.Release|Any CPU.Build.0 = Release|Any CPU
		{45ED2D5F-09FF-4698-AD05-8F19D0F6FEAC}.Debug|Any CPU.ActiveCfg = Debug|Any CPU
		{45ED2D5F-09FF-4698-AD05-8F19D0F6FEAC}.Debug|Any CPU.Build.0 = Debug|Any CPU
		{45ED2D5F-09FF-4698-AD05-8F19D0F6FEAC}.Release|Any CPU.ActiveCfg = Release|Any CPU
		{45ED2D5F-09FF-4698-AD05-8F19D0F6FEAC}.Release|Any CPU.Build.0 = Release|Any CPU
	EndGlobalSection
EndGlobal
