
Microsoft Visual Studio Solution File, Format Version 12.00
# Visual Studio Version 16
VisualStudioVersion = 16.0.30523.141
MinimumVisualStudioVersion = 10.0.40219.1
Project("{FAE04EC0-301F-11D3-BF4B-00C04F79EFBC}") = "MuulfzCore.Client", "MuulfzCore.Client\MuulfzCore.Client.csproj", "{79AC6D85-97A0-42D6-83F5-8F4019A3B4DC}"
EndProject
Project("{FAE04EC0-301F-11D3-BF4B-00C04F79EFBC}") = "MuulfzCore.Core", "MuulfzCore.Core\MuulfzCore.Core.csproj", "{2ADA382D-A36D-40F4-BBFC-7718A6A805D8}"
EndProject
Project("{FAE04EC0-301F-11D3-BF4B-00C04F79EFBC}") = "MuulfzCore.Server", "MuulfzCore.Server\MuulfzCore.Server.csproj", "{A0FB3FB2-5AF1-413A-8A87-613200EB1B19}"
EndProject
Global
	GlobalSection(SolutionConfigurationPlatforms) = preSolution
		Debug|Any CPU = Debug|Any CPU
		Release|Any CPU = Release|Any CPU
	EndGlobalSection
	GlobalSection(ProjectConfigurationPlatforms) = postSolution
		{79AC6D85-97A0-42D6-83F5-8F4019A3B4DC}.Debug|Any CPU.ActiveCfg = Debug|Any CPU
		{79AC6D85-97A0-42D6-83F5-8F4019A3B4DC}.Debug|Any CPU.Build.0 = Debug|Any CPU
		{79AC6D85-97A0-42D6-83F5-8F4019A3B4DC}.Release|Any CPU.ActiveCfg = Release|Any CPU
		{79AC6D85-97A0-42D6-83F5-8F4019A3B4DC}.Release|Any CPU.Build.0 = Release|Any CPU
		{2ADA382D-A36D-40F4-BBFC-7718A6A805D8}.Debug|Any CPU.ActiveCfg = Debug|Any CPU
		{2ADA382D-A36D-40F4-BBFC-7718A6A805D8}.Debug|Any CPU.Build.0 = Debug|Any CPU
		{2ADA382D-A36D-40F4-BBFC-7718A6A805D8}.Release|Any CPU.ActiveCfg = Release|Any CPU
		{2ADA382D-A36D-40F4-BBFC-7718A6A805D8}.Release|Any CPU.Build.0 = Release|Any CPU
		{A0FB3FB2-5AF1-413A-8A87-613200EB1B19}.Debug|Any CPU.ActiveCfg = Debug|Any CPU
		{A0FB3FB2-5AF1-413A-8A87-613200EB1B19}.Debug|Any CPU.Build.0 = Debug|Any CPU
		{A0FB3FB2-5AF1-413A-8A87-613200EB1B19}.Release|Any CPU.ActiveCfg = Release|Any CPU
		{A0FB3FB2-5AF1-413A-8A87-613200EB1B19}.Release|Any CPU.Build.0 = Release|Any CPU
	EndGlobalSection
	GlobalSection(SolutionProperties) = preSolution
		HideSolutionNode = FALSE
	EndGlobalSection
	GlobalSection(ExtensibilityGlobals) = postSolution
		SolutionGuid = {12BCC0A1-AC4B-40DD-971D-7DE8168ABE27}
	EndGlobalSection
EndGlobal
